// !$*UTF8*$!
{
	archiveVersion = 1;
	classes = {
	};
	objectVersion = 50;
	objects = {

/* Begin PBXBuildFile section */
		34811DAF274B938F00A1E994 /* main.swift in Sources */ = {isa = PBXBuildFile; fileRef = 34811DAE274B938F00A1E994 /* main.swift */; };
/* End PBXBuildFile section */

/* Begin PBXContainerItemProxy section */
		01F0DEE729AA4651003090AD /* PBXContainerItemProxy */ = {
			isa = PBXContainerItemProxy;
			containerPortal = 01F0DEDA29AA4651003090AD /* pj.xcodeproj */;
			proxyType = 2;
			remoteGlobalIDString = 01F0DECC29AA40BD003090AD;
			remoteInfo = pj;
		};
/* End PBXContainerItemProxy section */

/* Begin PBXCopyFilesBuildPhase section */
		34811DA9274B938F00A1E994 /* CopyFiles */ = {
			isa = PBXCopyFilesBuildPhase;
			buildActionMask = 2147483647;
			dstPath = /usr/share/man/man1/;
			dstSubfolderSpec = 0;
			files = (
			);
			runOnlyForDeploymentPostprocessing = 1;
		};
/* End PBXCopyFilesBuildPhase section */

/* Begin PBXFileReference section */
		01F0DED929AA4651003090AD /* main.swift */ = {isa = PBXFileReference; lastKnownFileType = sourcecode.swift; path = main.swift; sourceTree = "<group>"; };
		01F0DEDA29AA4651003090AD /* pj.xcodeproj */ = {isa = PBXFileReference; lastKnownFileType = "wrapper.pb-project"; path = pj.xcodeproj; sourceTree = "<group>"; };
		01F0DEDD29AA4651003090AD /* CodeStarterCamp_Week1.xcodeproj */ = {isa = PBXFileReference; lastKnownFileType = "wrapper.pb-project"; path = CodeStarterCamp_Week1.xcodeproj; sourceTree = "<group>"; };
		01F0DEE029AA4651003090AD /* README.md */ = {isa = PBXFileReference; lastKnownFileType = net.daringfireball.markdown; path = README.md; sourceTree = "<group>"; };
		01F0DEE129AA4651003090AD /* .gitignore */ = {isa = PBXFileReference; lastKnownFileType = text; path = .gitignore; sourceTree = "<group>"; };
		01F0DEE329AA4651003090AD /* main.swift */ = {isa = PBXFileReference; lastKnownFileType = sourcecode.swift; path = main.swift; sourceTree = "<group>"; };
		01F0DEE429AA4651003090AD /* test.txt */ = {isa = PBXFileReference; lastKnownFileType = text; path = test.txt; sourceTree = "<group>"; };
		01F0DEE529AA4651003090AD /* toki.txt */ = {isa = PBXFileReference; lastKnownFileType = text; path = toki.txt; sourceTree = "<group>"; };
		34811DAB274B938F00A1E994 /* CodeStarterCamp_Week1 */ = {isa = PBXFileReference; explicitFileType = "compiled.mach-o.executable"; includeInIndex = 0; path = CodeStarterCamp_Week1; sourceTree = BUILT_PRODUCTS_DIR; };
		34811DAE274B938F00A1E994 /* main.swift */ = {isa = PBXFileReference; lastKnownFileType = sourcecode.swift; path = main.swift; sourceTree = "<group>"; };
/* End PBXFileReference section */

/* Begin PBXFrameworksBuildPhase section */
		34811DA8274B938F00A1E994 /* Frameworks */ = {
			isa = PBXFrameworksBuildPhase;
			buildActionMask = 2147483647;
			files = (
			);
			runOnlyForDeploymentPostprocessing = 0;
		};
/* End PBXFrameworksBuildPhase section */

/* Begin PBXGroup section */
		01F0DED629AA4651003090AD /* swift-starter-week1 */ = {
			isa = PBXGroup;
			children = (
				01F0DED729AA4651003090AD /* pj */,
				01F0DEDD29AA4651003090AD /* CodeStarterCamp_Week1.xcodeproj */,
				01F0DEE029AA4651003090AD /* README.md */,
				01F0DEE129AA4651003090AD /* .gitignore */,
				01F0DEE229AA4651003090AD /* CodeStarterCamp_Week1 */,
				01F0DEE429AA4651003090AD /* test.txt */,
				01F0DEE529AA4651003090AD /* toki.txt */,
			);
			name = "swift-starter-week1";
			sourceTree = SOURCE_ROOT;
		};
		01F0DED729AA4651003090AD /* pj */ = {
			isa = PBXGroup;
			children = (
				01F0DED829AA4651003090AD /* pj */,
				01F0DEDA29AA4651003090AD /* pj.xcodeproj */,
			);
			path = pj;
			sourceTree = "<group>";
		};
		01F0DED829AA4651003090AD /* pj */ = {
			isa = PBXGroup;
			children = (
				01F0DED929AA4651003090AD /* main.swift */,
			);
			path = pj;
			sourceTree = "<group>";
		};
		01F0DEDB29AA4651003090AD /* Products */ = {
			isa = PBXGroup;
			children = (
				01F0DEE829AA4651003090AD /* pj */,
			);
			name = Products;
			sourceTree = "<group>";
		};
		01F0DEDE29AA4651003090AD /* Products */ = {
			isa = PBXGroup;
			name = Products;
			sourceTree = "<group>";
		};
		01F0DEE229AA4651003090AD /* CodeStarterCamp_Week1 */ = {
			isa = PBXGroup;
			children = (
				01F0DEE329AA4651003090AD /* main.swift */,
			);
			path = CodeStarterCamp_Week1;
			sourceTree = "<group>";
		};
		34811DA2274B938F00A1E994 = {
			isa = PBXGroup;
			children = (
				34811DAD274B938F00A1E994 /* CodeStarterCamp_Week1 */,
				34811DAC274B938F00A1E994 /* Products */,
			);
			sourceTree = "<group>";
		};
		34811DAC274B938F00A1E994 /* Products */ = {
			isa = PBXGroup;
			children = (
				34811DAB274B938F00A1E994 /* CodeStarterCamp_Week1 */,
			);
			name = Products;
			sourceTree = "<group>";
		};
		34811DAD274B938F00A1E994 /* CodeStarterCamp_Week1 */ = {
			isa = PBXGroup;
			children = (
				01F0DED629AA4651003090AD /* swift-starter-week1 */,
				34811DAE274B938F00A1E994 /* main.swift */,
			);
			path = CodeStarterCamp_Week1;
			sourceTree = "<group>";
		};
/* End PBXGroup section */

/* Begin PBXNativeTarget section */
		34811DAA274B938F00A1E994 /* CodeStarterCamp_Week1 */ = {
			isa = PBXNativeTarget;
			buildConfigurationList = 34811DB2274B938F00A1E994 /* Build configuration list for PBXNativeTarget "CodeStarterCamp_Week1" */;
			buildPhases = (
				34811DA7274B938F00A1E994 /* Sources */,
				34811DA8274B938F00A1E994 /* Frameworks */,
				34811DA9274B938F00A1E994 /* CopyFiles */,
			);
			buildRules = (
			);
			dependencies = (
			);
			name = CodeStarterCamp_Week1;
			productName = CodeStarterCamp_Week1;
			productReference = 34811DAB274B938F00A1E994 /* CodeStarterCamp_Week1 */;
			productType = "com.apple.product-type.tool";
		};
/* End PBXNativeTarget section */

/* Begin PBXProject section */
		34811DA3274B938F00A1E994 /* Project object */ = {
			isa = PBXProject;
			attributes = {
				LastSwiftUpdateCheck = 1250;
				LastUpgradeCheck = 1250;
				TargetAttributes = {
					34811DAA274B938F00A1E994 = {
						CreatedOnToolsVersion = 12.5.1;
					};
				};
			};
			buildConfigurationList = 34811DA6274B938F00A1E994 /* Build configuration list for PBXProject "CodeStarterCamp_Week1" */;
			compatibilityVersion = "Xcode 9.3";
			developmentRegion = en;
			hasScannedForEncodings = 0;
			knownRegions = (
				en,
				Base,
			);
			mainGroup = 34811DA2274B938F00A1E994;
			productRefGroup = 34811DAC274B938F00A1E994 /* Products */;
			projectDirPath = "";
			projectReferences = (
				{
					ProductGroup = 01F0DEDE29AA4651003090AD /* Products */;
					ProjectRef = 01F0DEDD29AA4651003090AD /* CodeStarterCamp_Week1.xcodeproj */;
				},
				{
					ProductGroup = 01F0DEDB29AA4651003090AD /* Products */;
					ProjectRef = 01F0DEDA29AA4651003090AD /* pj.xcodeproj */;
				},
			);
			projectRoot = "";
			targets = (
				34811DAA274B938F00A1E994 /* CodeStarterCamp_Week1 */,
			);
		};
/* End PBXProject section */

/* Begin PBXReferenceProxy section */
		01F0DEE829AA4651003090AD /* pj */ = {
			isa = PBXReferenceProxy;
			fileType = "compiled.mach-o.executable";
			path = pj;
			remoteRef = 01F0DEE729AA4651003090AD /* PBXContainerItemProxy */;
			sourceTree = BUILT_PRODUCTS_DIR;
		};
/* End PBXReferenceProxy section */

/* Begin PBXSourcesBuildPhase section */
		34811DA7274B938F00A1E994 /* Sources */ = {
			isa = PBXSourcesBuildPhase;
			buildActionMask = 2147483647;
			files = (
				34811DAF274B938F00A1E994 /* main.swift in Sources */,
			);
			runOnlyForDeploymentPostprocessing = 0;
		};
/* End PBXSourcesBuildPhase section */

/* Begin XCBuildConfiguration section */
		34811DB0274B938F00A1E994 /* Debug */ = {
			isa = XCBuildConfiguration;
			buildSettings = {
				ALWAYS_SEARCH_USER_PATHS = NO;
				CLANG_ANALYZER_NONNULL = YES;
				CLANG_ANALYZER_NUMBER_OBJECT_CONVERSION = YES_AGGRESSIVE;
				CLANG_CXX_LANGUAGE_STANDARD = "gnu++14";
				CLANG_CXX_LIBRARY = "libc++";
				CLANG_ENABLE_MODULES = YES;
				CLANG_ENABLE_OBJC_ARC = YES;
				CLANG_ENABLE_OBJC_WEAK = YES;
				CLANG_WARN_BLOCK_CAPTURE_AUTORELEASING = YES;
				CLANG_WARN_BOOL_CONVERSION = YES;
				CLANG_WARN_COMMA = YES;
				CLANG_WARN_CONSTANT_CONVERSION = YES;
				CLANG_WARN_DEPRECATED_OBJC_IMPLEMENTATIONS = YES;
				CLANG_WARN_DIRECT_OBJC_ISA_USAGE = YES_ERROR;
				CLANG_WARN_DOCUMENTATION_COMMENTS = YES;
				CLANG_WARN_EMPTY_BODY = YES;
				CLANG_WARN_ENUM_CONVERSION = YES;
				CLANG_WARN_INFINITE_RECURSION = YES;
				CLANG_WARN_INT_CONVERSION = YES;
				CLANG_WARN_NON_LITERAL_NULL_CONVERSION = YES;
				CLANG_WARN_OBJC_IMPLICIT_RETAIN_SELF = YES;
				CLANG_WARN_OBJC_LITERAL_CONVERSION = YES;
				CLANG_WARN_OBJC_ROOT_CLASS = YES_ERROR;
				CLANG_WARN_QUOTED_INCLUDE_IN_FRAMEWORK_HEADER = YES;
				CLANG_WARN_RANGE_LOOP_ANALYSIS = YES;
				CLANG_WARN_STRICT_PROTOTYPES = YES;
				CLANG_WARN_SUSPICIOUS_MOVE = YES;
				CLANG_WARN_UNGUARDED_AVAILABILITY = YES_AGGRESSIVE;
				CLANG_WARN_UNREACHABLE_CODE = YES;
				CLANG_WARN__DUPLICATE_METHOD_MATCH = YES;
				COPY_PHASE_STRIP = NO;
				DEBUG_INFORMATION_FORMAT = dwarf;
				ENABLE_STRICT_OBJC_MSGSEND = YES;
				ENABLE_TESTABILITY = YES;
				GCC_C_LANGUAGE_STANDARD = gnu11;
				GCC_DYNAMIC_NO_PIC = NO;
				GCC_NO_COMMON_BLOCKS = YES;
				GCC_OPTIMIZATION_LEVEL = 0;
				GCC_PREPROCESSOR_DEFINITIONS = (
					"DEBUG=1",
					"$(inherited)",
				);
				GCC_WARN_64_TO_32_BIT_CONVERSION = YES;
				GCC_WARN_ABOUT_RETURN_TYPE = YES_ERROR;
				GCC_WARN_UNDECLARED_SELECTOR = YES;
				GCC_WARN_UNINITIALIZED_AUTOS = YES_AGGRESSIVE;
				GCC_WARN_UNUSED_FUNCTION = YES;
				GCC_WARN_UNUSED_VARIABLE = YES;
				MACOSX_DEPLOYMENT_TARGET = 11.3;
				MTL_ENABLE_DEBUG_INFO = INCLUDE_SOURCE;
				MTL_FAST_MATH = YES;
				ONLY_ACTIVE_ARCH = YES;
				SDKROOT = macosx;
				SWIFT_ACTIVE_COMPILATION_CONDITIONS = DEBUG;
				SWIFT_OPTIMIZATION_LEVEL = "-Onone";
			};
			name = Debug;
		};
		34811DB1274B938F00A1E994 /* Release */ = {
			isa = XCBuildConfiguration;
			buildSettings = {
				ALWAYS_SEARCH_USER_PATHS = NO;
				CLANG_ANALYZER_NONNULL = YES;
				CLANG_ANALYZER_NUMBER_OBJECT_CONVERSION = YES_AGGRESSIVE;
				CLANG_CXX_LANGUAGE_STANDARD = "gnu++14";
				CLANG_CXX_LIBRARY = "libc++";
				CLANG_ENABLE_MODULES = YES;
				CLANG_ENABLE_OBJC_ARC = YES;
				CLANG_ENABLE_OBJC_WEAK = YES;
				CLANG_WARN_BLOCK_CAPTURE_AUTORELEASING = YES;
				CLANG_WARN_BOOL_CONVERSION = YES;
				CLANG_WARN_COMMA = YES;
				CLANG_WARN_CONSTANT_CONVERSION = YES;
				CLANG_WARN_DEPRECATED_OBJC_IMPLEMENTATIONS = YES;
				CLANG_WARN_DIRECT_OBJC_ISA_USAGE = YES_ERROR;
				CLANG_WARN_DOCUMENTATION_COMMENTS = YES;
				CLANG_WARN_EMPTY_BODY = YES;
				CLANG_WARN_ENUM_CONVERSION = YES;
				CLANG_WARN_INFINITE_RECURSION = YES;
				CLANG_WARN_INT_CONVERSION = YES;
				CLANG_WARN_NON_LITERAL_NULL_CONVERSION = YES;
				CLANG_WARN_OBJC_IMPLICIT_RETAIN_SELF = YES;
				CLANG_WARN_OBJC_LITERAL_CONVERSION = YES;
				CLANG_WARN_OBJC_ROOT_CLASS = YES_ERROR;
				CLANG_WARN_QUOTED_INCLUDE_IN_FRAMEWORK_HEADER = YES;
				CLANG_WARN_RANGE_LOOP_ANALYSIS = YES;
				CLANG_WARN_STRICT_PROTOTYPES = YES;
				CLANG_WARN_SUSPICIOUS_MOVE = YES;
				CLANG_WARN_UNGUARDED_AVAILABILITY = YES_AGGRESSIVE;
				CLANG_WARN_UNREACHABLE_CODE = YES;
				CLANG_WARN__DUPLICATE_METHOD_MATCH = YES;
				COPY_PHASE_STRIP = NO;
				DEBUG_INFORMATION_FORMAT = "dwarf-with-dsym";
				ENABLE_NS_ASSERTIONS = NO;
				ENABLE_STRICT_OBJC_MSGSEND = YES;
				GCC_C_LANGUAGE_STANDARD = gnu11;
				GCC_NO_COMMON_BLOCKS = YES;
				GCC_WARN_64_TO_32_BIT_CONVERSION = YES;
				GCC_WARN_ABOUT_RETURN_TYPE = YES_ERROR;
				GCC_WARN_UNDECLARED_SELECTOR = YES;
				GCC_WARN_UNINITIALIZED_AUTOS = YES_AGGRESSIVE;
				GCC_WARN_UNUSED_FUNCTION = YES;
				GCC_WARN_UNUSED_VARIABLE = YES;
				MACOSX_DEPLOYMENT_TARGET = 11.3;
				MTL_ENABLE_DEBUG_INFO = NO;
				MTL_FAST_MATH = YES;
				SDKROOT = macosx;
				SWIFT_COMPILATION_MODE = wholemodule;
				SWIFT_OPTIMIZATION_LEVEL = "-O";
			};
			name = Release;
		};
		34811DB3274B938F00A1E994 /* Debug */ = {
			isa = XCBuildConfiguration;
			buildSettings = {
				CODE_SIGN_STYLE = Automatic;
				PRODUCT_NAME = "$(TARGET_NAME)";
				SWIFT_VERSION = 5.0;
			};
			name = Debug;
		};
		34811DB4274B938F00A1E994 /* Release */ = {
			isa = XCBuildConfiguration;
			buildSettings = {
				CODE_SIGN_STYLE = Automatic;
				PRODUCT_NAME = "$(TARGET_NAME)";
				SWIFT_VERSION = 5.0;
			};
			name = Release;
		};
/* End XCBuildConfiguration section */

/* Begin XCConfigurationList section */
		34811DA6274B938F00A1E994 /* Build configuration list for PBXProject "CodeStarterCamp_Week1" */ = {
			isa = XCConfigurationList;
			buildConfigurations = (
				34811DB0274B938F00A1E994 /* Debug */,
				34811DB1274B938F00A1E994 /* Release */,
			);
			defaultConfigurationIsVisible = 0;
			defaultConfigurationName = Release;
		};
		34811DB2274B938F00A1E994 /* Build configuration list for PBXNativeTarget "CodeStarterCamp_Week1" */ = {
			isa = XCConfigurationList;
			buildConfigurations = (
				34811DB3274B938F00A1E994 /* Debug */,
				34811DB4274B938F00A1E994 /* Release */,
			);
			defaultConfigurationIsVisible = 0;
			defaultConfigurationName = Release;
		};
/* End XCConfigurationList section */
	};
	rootObject = 34811DA3274B938F00A1E994 /* Project object */;
}
