// !$*UTF8*$!
{
	archiveVersion = 1;
	classes = {
	};
	objectVersion = 50;
	objects = {

/* Begin PBXBuildFile section */
		18A98618291E627600CED5DB /* main.swift in Sources */ = {isa = PBXBuildFile; fileRef = 183BA729291D29AA00A09C3F /* main.swift */; };
		18A9861A291E628D00CED5DB /* main.swift in Sources */ = {isa = PBXBuildFile; fileRef = 34811DAE274B938F00A1E994 /* main.swift */; };
/* End PBXBuildFile section */

/* Begin PBXCopyFilesBuildPhase section */
		183BA725291D29AA00A09C3F /* CopyFiles */ = {
			isa = PBXCopyFilesBuildPhase;
			buildActionMask = 2147483647;
			dstPath = /usr/share/man/man1/;
			dstSubfolderSpec = 0;
			files = (
			);
			runOnlyForDeploymentPostprocessing = 1;
		};
		18A9860E291E61F900CED5DB /* CopyFiles */ = {
			isa = PBXCopyFilesBuildPhase;
			buildActionMask = 2147483647;
			dstPath = /usr/share/man/man1/;
			dstSubfolderSpec = 0;
			files = (
			);
			runOnlyForDeploymentPostprocessing = 1;
		};
		34811DA9274B938F00A1E994 /* CopyFiles */ = {
			isa = PBXCopyFilesBuildPhase;
			buildActionMask = 2147483647;
			dstPath = /usr/share/man/man1/;
			dstSubfolderSpec = 0;
			files = (
			);
			runOnlyForDeploymentPostprocessing = 1;
		};
/* End PBXCopyFilesBuildPhase section */

/* Begin PBXFileReference section */
		183BA727291D29AA00A09C3F /* Step3 */ = {isa = PBXFileReference; explicitFileType = "compiled.mach-o.executable"; includeInIndex = 0; path = Step3; sourceTree = BUILT_PRODUCTS_DIR; };
		183BA729291D29AA00A09C3F /* main.swift */ = {isa = PBXFileReference; lastKnownFileType = sourcecode.swift; path = main.swift; sourceTree = "<group>"; };
		18A98610291E61F900CED5DB /* Step_3 */ = {isa = PBXFileReference; explicitFileType = "compiled.mach-o.executable"; includeInIndex = 0; path = Step_3; sourceTree = BUILT_PRODUCTS_DIR; };
		34811DAB274B938F00A1E994 /* CodeStarterCamp_Week1 */ = {isa = PBXFileReference; explicitFileType = "compiled.mach-o.executable"; includeInIndex = 0; path = CodeStarterCamp_Week1; sourceTree = BUILT_PRODUCTS_DIR; };
		34811DAE274B938F00A1E994 /* main.swift */ = {isa = PBXFileReference; lastKnownFileType = sourcecode.swift; path = main.swift; sourceTree = "<group>"; };
/* End PBXFileReference section */

/* Begin PBXFrameworksBuildPhase section */
		183BA724291D29AA00A09C3F /* Frameworks */ = {
			isa = PBXFrameworksBuildPhase;
			buildActionMask = 2147483647;
			files = (
			);
			runOnlyForDeploymentPostprocessing = 0;
		};
		18A9860D291E61F900CED5DB /* Frameworks */ = {
			isa = PBXFrameworksBuildPhase;
			buildActionMask = 2147483647;
			files = (
			);
			runOnlyForDeploymentPostprocessing = 0;
		};
		34811DA8274B938F00A1E994 /* Frameworks */ = {
			isa = PBXFrameworksBuildPhase;
			buildActionMask = 2147483647;
			files = (
			);
			runOnlyForDeploymentPostprocessing = 0;
		};
/* End PBXFrameworksBuildPhase section */

/* Begin PBXGroup section */
		183BA728291D29AA00A09C3F /* Step3 */ = {
			isa = PBXGroup;
			children = (
				183BA729291D29AA00A09C3F /* main.swift */,
			);
			path = Step3;
			sourceTree = "<group>";
		};
		34811DA2274B938F00A1E994 = {
			isa = PBXGroup;
			children = (
				34811DAD274B938F00A1E994 /* CodeStarterCamp_Week1 */,
				183BA728291D29AA00A09C3F /* Step3 */,
				34811DAC274B938F00A1E994 /* Products */,
			);
			sourceTree = "<group>";
		};
		34811DAC274B938F00A1E994 /* Products */ = {
			isa = PBXGroup;
			children = (
				34811DAB274B938F00A1E994 /* CodeStarterCamp_Week1 */,
				183BA727291D29AA00A09C3F /* Step3 */,
				18A98610291E61F900CED5DB /* Step_3 */,
			);
			name = Products;
			sourceTree = "<group>";
		};
		34811DAD274B938F00A1E994 /* CodeStarterCamp_Week1 */ = {
			isa = PBXGroup;
			children = (
				34811DAE274B938F00A1E994 /* main.swift */,
			);
			path = CodeStarterCamp_Week1;
			sourceTree = "<group>";
		};
/* End PBXGroup section */

/* Begin PBXNativeTarget section */
		183BA726291D29AA00A09C3F /* Step3 */ = {
			isa = PBXNativeTarget;
			buildConfigurationList = 183BA72D291D29AA00A09C3F /* Build configuration list for PBXNativeTarget "Step3" */;
			buildPhases = (
				183BA723291D29AA00A09C3F /* Sources */,
				183BA724291D29AA00A09C3F /* Frameworks */,
				183BA725291D29AA00A09C3F /* CopyFiles */,
			);
			buildRules = (
			);
			dependencies = (
			);
			name = Step3;
			productName = Step3;
			productReference = 183BA727291D29AA00A09C3F /* Step3 */;
			productType = "com.apple.product-type.tool";
		};
		18A9860F291E61F900CED5DB /* Step_3 */ = {
			isa = PBXNativeTarget;
			buildConfigurationList = 18A98614291E61F900CED5DB /* Build configuration list for PBXNativeTarget "Step_3" */;
			buildPhases = (
				18A9860C291E61F900CED5DB /* Sources */,
				18A9860D291E61F900CED5DB /* Frameworks */,
				18A9860E291E61F900CED5DB /* CopyFiles */,
			);
			buildRules = (
			);
			dependencies = (
			);
			name = Step_3;
			productName = Step_3;
			productReference = 18A98610291E61F900CED5DB /* Step_3 */;
			productType = "com.apple.product-type.tool";
		};
		34811DAA274B938F00A1E994 /* CodeStarterCamp_Week1 */ = {
			isa = PBXNativeTarget;
			buildConfigurationList = 34811DB2274B938F00A1E994 /* Build configuration list for PBXNativeTarget "CodeStarterCamp_Week1" */;
			buildPhases = (
				34811DA7274B938F00A1E994 /* Sources */,
				34811DA8274B938F00A1E994 /* Frameworks */,
				34811DA9274B938F00A1E994 /* CopyFiles */,
			);
			buildRules = (
			);
			dependencies = (
			);
			name = CodeStarterCamp_Week1;
			productName = CodeStarterCamp_Week1;
			productReference = 34811DAB274B938F00A1E994 /* CodeStarterCamp_Week1 */;
			productType = "com.apple.product-type.tool";
		};
/* End PBXNativeTarget section */

/* Begin PBXProject section */
		34811DA3274B938F00A1E994 /* Project object */ = {
			isa = PBXProject;
			attributes = {
				LastSwiftUpdateCheck = 1410;
				LastUpgradeCheck = 1250;
				TargetAttributes = {
					183BA726291D29AA00A09C3F = {
						CreatedOnToolsVersion = 14.1;
					};
					18A9860F291E61F900CED5DB = {
						CreatedOnToolsVersion = 14.1;
					};
					34811DAA274B938F00A1E994 = {
						CreatedOnToolsVersion = 12.5.1;
					};
				};
			};
			buildConfigurationList = 34811DA6274B938F00A1E994 /* Build configuration list for PBXProject "CodeStarterCamp_Week1" */;
			compatibilityVersion = "Xcode 9.3";
			developmentRegion = en;
			hasScannedForEncodings = 0;
			knownRegions = (
				en,
				Base,
			);
			mainGroup = 34811DA2274B938F00A1E994;
			productRefGroup = 34811DAC274B938F00A1E994 /* Products */;
			projectDirPath = "";
			projectRoot = "";
			targets = (
				34811DAA274B938F00A1E994 /* CodeStarterCamp_Week1 */,
				183BA726291D29AA00A09C3F /* Step3 */,
				18A9860F291E61F900CED5DB /* Step_3 */,
			);
		};
/* End PBXProject section */

/* Begin PBXSourcesBuildPhase section */
		183BA723291D29AA00A09C3F /* Sources */ = {
			isa = PBXSourcesBuildPhase;
			buildActionMask = 2147483647;
			files = (
				18A98618291E627600CED5DB /* main.swift in Sources */,
			);
			runOnlyForDeploymentPostprocessing = 0;
		};
		18A9860C291E61F900CED5DB /* Sources */ = {
			isa = PBXSourcesBuildPhase;
			buildActionMask = 2147483647;
			files = (
			);
			runOnlyForDeploymentPostprocessing = 0;
		};
		34811DA7274B938F00A1E994 /* Sources */ = {
			isa = PBXSourcesBuildPhase;
			buildActionMask = 2147483647;
			files = (
				18A9861A291E628D00CED5DB /* main.swift in Sources */,
			);
			runOnlyForDeploymentPostprocessing = 0;
		};
/* End PBXSourcesBuildPhase section */

/* Begin XCBuildConfiguration section */
		183BA72B291D29AA00A09C3F /* Debug */ = {
			isa = XCBuildConfiguration;
			buildSettings = {
				CLANG_CXX_LANGUAGE_STANDARD = "gnu++20";
				CODE_SIGN_STYLE = Automatic;
				MACOSX_DEPLOYMENT_TARGET = 13.0;
				PRODUCT_NAME = "$(TARGET_NAME)";
				SWIFT_VERSION = 5.0;
			};
			name = Debug;
		};
		183BA72C291D29AA00A09C3F /* Release */ = {
			isa = XCBuildConfiguration;
			buildSettings = {
				CLANG_CXX_LANGUAGE_STANDARD = "gnu++20";
				CODE_SIGN_STYLE = Automatic;
				MACOSX_DEPLOYMENT_TARGET = 13.0;
				PRODUCT_NAME = "$(TARGET_NAME)";
				SWIFT_VERSION = 5.0;
			};
			name = Release;
		};
		18A98615291E61F900CED5DB /* Debug */ = {
			isa = XCBuildConfiguration;
			buildSettings = {
				CLANG_CXX_LANGUAGE_STANDARD = "gnu++20";
				CODE_SIGN_STYLE = Automatic;
				MACOSX_DEPLOYMENT_TARGET = 13.0;
				PRODUCT_NAME = "$(TARGET_NAME)";
				SWIFT_VERSION = 5.0;
			};
			name = Debug;
		};
		18A98616291E61F900CED5DB /* Release */ = {
			isa = XCBuildConfiguration;
			buildSettings = {
				CLANG_CXX_LANGUAGE_STANDARD = "gnu++20";
				CODE_SIGN_STYLE = Automatic;
				MACOSX_DEPLOYMENT_TARGET = 13.0;
				PRODUCT_NAME = "$(TARGET_NAME)";
				SWIFT_VERSION = 5.0;
			};
			name = Release;
		};
		34811DB0274B938F00A1E994 /* Debug */ = {
			isa = XCBuildConfiguration;
			buildSettings = {
				ALWAYS_SEARCH_USER_PATHS = NO;
				CLANG_ANALYZER_NONNULL = YES;
				CLANG_ANALYZER_NUMBER_OBJECT_CONVERSION = YES_AGGRESSIVE;
				CLANG_CXX_LANGUAGE_STANDARD = "gnu++14";
				CLANG_CXX_LIBRARY = "libc++";
				CLANG_ENABLE_MODULES = YES;
				CLANG_ENABLE_OBJC_ARC = YES;
				CLANG_ENABLE_OBJC_WEAK = YES;
				CLANG_WARN_BLOCK_CAPTURE_AUTORELEASING = YES;
				CLANG_WARN_BOOL_CONVERSION = YES;
				CLANG_WARN_COMMA = YES;
				CLANG_WARN_CONSTANT_CONVERSION = YES;
				CLANG_WARN_DEPRECATED_OBJC_IMPLEMENTATIONS = YES;
				CLANG_WARN_DIRECT_OBJC_ISA_USAGE = YES_ERROR;
				CLANG_WARN_DOCUMENTATION_COMMENTS = YES;
				CLANG_WARN_EMPTY_BODY = YES;
				CLANG_WARN_ENUM_CONVERSION = YES;
				CLANG_WARN_INFINITE_RECURSION = YES;
				CLANG_WARN_INT_CONVERSION = YES;
				CLANG_WARN_NON_LITERAL_NULL_CONVERSION = YES;
				CLANG_WARN_OBJC_IMPLICIT_RETAIN_SELF = YES;
				CLANG_WARN_OBJC_LITERAL_CONVERSION = YES;
				CLANG_WARN_OBJC_ROOT_CLASS = YES_ERROR;
				CLANG_WARN_QUOTED_INCLUDE_IN_FRAMEWORK_HEADER = YES;
				CLANG_WARN_RANGE_LOOP_ANALYSIS = YES;
				CLANG_WARN_STRICT_PROTOTYPES = YES;
				CLANG_WARN_SUSPICIOUS_MOVE = YES;
				CLANG_WARN_UNGUARDED_AVAILABILITY = YES_AGGRESSIVE;
				CLANG_WARN_UNREACHABLE_CODE = YES;
				CLANG_WARN__DUPLICATE_METHOD_MATCH = YES;
				COPY_PHASE_STRIP = NO;
				DEBUG_INFORMATION_FORMAT = dwarf;
				ENABLE_STRICT_OBJC_MSGSEND = YES;
				ENABLE_TESTABILITY = YES;
				GCC_C_LANGUAGE_STANDARD = gnu11;
				GCC_DYNAMIC_NO_PIC = NO;
				GCC_NO_COMMON_BLOCKS = YES;
				GCC_OPTIMIZATION_LEVEL = 0;
				GCC_PREPROCESSOR_DEFINITIONS = (
					"DEBUG=1",
					"$(inherited)",
				);
				GCC_WARN_64_TO_32_BIT_CONVERSION = YES;
				GCC_WARN_ABOUT_RETURN_TYPE = YES_ERROR;
				GCC_WARN_UNDECLARED_SELECTOR = YES;
				GCC_WARN_UNINITIALIZED_AUTOS = YES_AGGRESSIVE;
				GCC_WARN_UNUSED_FUNCTION = YES;
				GCC_WARN_UNUSED_VARIABLE = YES;
				MACOSX_DEPLOYMENT_TARGET = 11.3;
				MTL_ENABLE_DEBUG_INFO = INCLUDE_SOURCE;
				MTL_FAST_MATH = YES;
				ONLY_ACTIVE_ARCH = YES;
				SDKROOT = macosx;
				SWIFT_ACTIVE_COMPILATION_CONDITIONS = DEBUG;
				SWIFT_OPTIMIZATION_LEVEL = "-Onone";
			};
			name = Debug;
		};
		34811DB1274B938F00A1E994 /* Release */ = {
			isa = XCBuildConfiguration;
			buildSettings = {
				ALWAYS_SEARCH_USER_PATHS = NO;
				CLANG_ANALYZER_NONNULL = YES;
				CLANG_ANALYZER_NUMBER_OBJECT_CONVERSION = YES_AGGRESSIVE;
				CLANG_CXX_LANGUAGE_STANDARD = "gnu++14";
				CLANG_CXX_LIBRARY = "libc++";
				CLANG_ENABLE_MODULES = YES;
				CLANG_ENABLE_OBJC_ARC = YES;
				CLANG_ENABLE_OBJC_WEAK = YES;
				CLANG_WARN_BLOCK_CAPTURE_AUTORELEASING = YES;
				CLANG_WARN_BOOL_CONVERSION = YES;
				CLANG_WARN_COMMA = YES;
				CLANG_WARN_CONSTANT_CONVERSION = YES;
				CLANG_WARN_DEPRECATED_OBJC_IMPLEMENTATIONS = YES;
				CLANG_WARN_DIRECT_OBJC_ISA_USAGE = YES_ERROR;
				CLANG_WARN_DOCUMENTATION_COMMENTS = YES;
				CLANG_WARN_EMPTY_BODY = YES;
				CLANG_WARN_ENUM_CONVERSION = YES;
				CLANG_WARN_INFINITE_RECURSION = YES;
				CLANG_WARN_INT_CONVERSION = YES;
				CLANG_WARN_NON_LITERAL_NULL_CONVERSION = YES;
				CLANG_WARN_OBJC_IMPLICIT_RETAIN_SELF = YES;
				CLANG_WARN_OBJC_LITERAL_CONVERSION = YES;
				CLANG_WARN_OBJC_ROOT_CLASS = YES_ERROR;
				CLANG_WARN_QUOTED_INCLUDE_IN_FRAMEWORK_HEADER = YES;
				CLANG_WARN_RANGE_LOOP_ANALYSIS = YES;
				CLANG_WARN_STRICT_PROTOTYPES = YES;
				CLANG_WARN_SUSPICIOUS_MOVE = YES;
				CLANG_WARN_UNGUARDED_AVAILABILITY = YES_AGGRESSIVE;
				CLANG_WARN_UNREACHABLE_CODE = YES;
				CLANG_WARN__DUPLICATE_METHOD_MATCH = YES;
				COPY_PHASE_STRIP = NO;
				DEBUG_INFORMATION_FORMAT = "dwarf-with-dsym";
				ENABLE_NS_ASSERTIONS = NO;
				ENABLE_STRICT_OBJC_MSGSEND = YES;
				GCC_C_LANGUAGE_STANDARD = gnu11;
				GCC_NO_COMMON_BLOCKS = YES;
				GCC_WARN_64_TO_32_BIT_CONVERSION = YES;
				GCC_WARN_ABOUT_RETURN_TYPE = YES_ERROR;
				GCC_WARN_UNDECLARED_SELECTOR = YES;
				GCC_WARN_UNINITIALIZED_AUTOS = YES_AGGRESSIVE;
				GCC_WARN_UNUSED_FUNCTION = YES;
				GCC_WARN_UNUSED_VARIABLE = YES;
				MACOSX_DEPLOYMENT_TARGET = 11.3;
				MTL_ENABLE_DEBUG_INFO = NO;
				MTL_FAST_MATH = YES;
				SDKROOT = macosx;
				SWIFT_COMPILATION_MODE = wholemodule;
				SWIFT_OPTIMIZATION_LEVEL = "-O";
			};
			name = Release;
		};
		34811DB3274B938F00A1E994 /* Debug */ = {
			isa = XCBuildConfiguration;
			buildSettings = {
				CODE_SIGN_STYLE = Automatic;
				PRODUCT_NAME = "$(TARGET_NAME)";
				SWIFT_VERSION = 5.0;
			};
			name = Debug;
		};
		34811DB4274B938F00A1E994 /* Release */ = {
			isa = XCBuildConfiguration;
			buildSettings = {
				CODE_SIGN_STYLE = Automatic;
				PRODUCT_NAME = "$(TARGET_NAME)";
				SWIFT_VERSION = 5.0;
			};
			name = Release;
		};
/* End XCBuildConfiguration section */

/* Begin XCConfigurationList section */
		183BA72D291D29AA00A09C3F /* Build configuration list for PBXNativeTarget "Step3" */ = {
			isa = XCConfigurationList;
			buildConfigurations = (
				183BA72B291D29AA00A09C3F /* Debug */,
				183BA72C291D29AA00A09C3F /* Release */,
			);
			defaultConfigurationIsVisible = 0;
			defaultConfigurationName = Release;
		};
		18A98614291E61F900CED5DB /* Build configuration list for PBXNativeTarget "Step_3" */ = {
			isa = XCConfigurationList;
			buildConfigurations = (
				18A98615291E61F900CED5DB /* Debug */,
				18A98616291E61F900CED5DB /* Release */,
			);
			defaultConfigurationIsVisible = 0;
			defaultConfigurationName = Release;
		};
		34811DA6274B938F00A1E994 /* Build configuration list for PBXProject "CodeStarterCamp_Week1" */ = {
			isa = XCConfigurationList;
			buildConfigurations = (
				34811DB0274B938F00A1E994 /* Debug */,
				34811DB1274B938F00A1E994 /* Release */,
			);
			defaultConfigurationIsVisible = 0;
			defaultConfigurationName = Release;
		};
		34811DB2274B938F00A1E994 /* Build configuration list for PBXNativeTarget "CodeStarterCamp_Week1" */ = {
			isa = XCConfigurationList;
			buildConfigurations = (
				34811DB3274B938F00A1E994 /* Debug */,
				34811DB4274B938F00A1E994 /* Release */,
			);
			defaultConfigurationIsVisible = 0;
			defaultConfigurationName = Release;
		};
/* End XCConfigurationList section */
	};
	rootObject = 34811DA3274B938F00A1E994 /* Project object */;
}
